
Microsoft Visual Studio Solution File, Format Version 12.00
# Visual Studio Version 17
VisualStudioVersion = 17.12.35707.178
MinimumVisualStudioVersion = 10.0.40219.1
Project("{FAE04EC0-301F-11D3-BF4B-00C04F79EFBC}") = "Locomotiv", "Locomotiv\Locomotiv.csproj", "{AD239868-257B-4135-8414-BCF1DBE58A0A}"
EndProject
Project("{FAE04EC0-301F-11D3-BF4B-00C04F79EFBC}") = "LocomotivTests", "LocomotivTests\LocomotivTests.csproj", "{1976E69F-8763-49FA-954F-545A562E263A}"
EndProject
Global
	GlobalSection(SolutionConfigurationPlatforms) = preSolution
		Debug|Any CPU = Debug|Any CPU
		Debug|x64 = Debug|x64
		Debug|x86 = Debug|x86
		Release|Any CPU = Release|Any CPU
		Release|x64 = Release|x64
		Release|x86 = Release|x86
	EndGlobalSection
	GlobalSection(ProjectConfigurationPlatforms) = postSolution
		{AD239868-257B-4135-8414-BCF1DBE58A0A}.Debug|Any CPU.ActiveCfg = Debug|Any CPU
		{AD239868-257B-4135-8414-BCF1DBE58A0A}.Debug|Any CPU.Build.0 = Debug|Any CPU
		{AD239868-257B-4135-8414-BCF1DBE58A0A}.Debug|x64.ActiveCfg = Debug|Any CPU
		{AD239868-257B-4135-8414-BCF1DBE58A0A}.Debug|x64.Build.0 = Debug|Any CPU
		{AD239868-257B-4135-8414-BCF1DBE58A0A}.Debug|x86.ActiveCfg = Debug|Any CPU
		{AD239868-257B-4135-8414-BCF1DBE58A0A}.Debug|x86.Build.0 = Debug|Any CPU
		{AD239868-257B-4135-8414-BCF1DBE58A0A}.Release|Any CPU.ActiveCfg = Release|Any CPU
		{AD239868-257B-4135-8414-BCF1DBE58A0A}.Release|Any CPU.Build.0 = Release|Any CPU
		{AD239868-257B-4135-8414-BCF1DBE58A0A}.Release|x64.ActiveCfg = Release|Any CPU
		{AD239868-257B-4135-8414-BCF1DBE58A0A}.Release|x64.Build.0 = Release|Any CPU
		{AD239868-257B-4135-8414-BCF1DBE58A0A}.Release|x86.ActiveCfg = Release|Any CPU
		{AD239868-257B-4135-8414-BCF1DBE58A0A}.Release|x86.Build.0 = Release|Any CPU
		{1976E69F-8763-49FA-954F-545A562E263A}.Debug|Any CPU.ActiveCfg = Debug|Any CPU
		{1976E69F-8763-49FA-954F-545A562E263A}.Debug|Any CPU.Build.0 = Debug|Any CPU
		{1976E69F-8763-49FA-954F-545A562E263A}.Debug|x64.ActiveCfg = Debug|Any CPU
		{1976E69F-8763-49FA-954F-545A562E263A}.Debug|x64.Build.0 = Debug|Any CPU
		{1976E69F-8763-49FA-954F-545A562E263A}.Debug|x86.ActiveCfg = Debug|Any CPU
		{1976E69F-8763-49FA-954F-545A562E263A}.Debug|x86.Build.0 = Debug|Any CPU
		{1976E69F-8763-49FA-954F-545A562E263A}.Release|Any CPU.ActiveCfg = Release|Any CPU
		{1976E69F-8763-49FA-954F-545A562E263A}.Release|Any CPU.Build.0 = Release|Any CPU
		{1976E69F-8763-49FA-954F-545A562E263A}.Release|x64.ActiveCfg = Release|Any CPU
		{1976E69F-8763-49FA-954F-545A562E263A}.Release|x64.Build.0 = Release|Any CPU
		{1976E69F-8763-49FA-954F-545A562E263A}.Release|x86.ActiveCfg = Release|Any CPU
		{1976E69F-8763-49FA-954F-545A562E263A}.Release|x86.Build.0 = Release|Any CPU
	EndGlobalSection
	GlobalSection(SolutionProperties) = preSolution
		HideSolutionNode = FALSE
	EndGlobalSection
	GlobalSection(ExtensibilityGlobals) = postSolution
		SolutionGuid = {DD432931-F948-423D-8305-A580CEE81199}
	EndGlobalSection
EndGlobal
